{
  "name": "code--book_cover",
  "version": "1.0.0",
  "lockfileVersion": 1,
  "requires": true,
  "dependencies": {
    "typesettable": {
      "version": "4.1.0",
      "resolved": "https://registry.npmjs.org/typesettable/-/typesettable-4.1.0.tgz",
      "integrity": "sha512-8JYVOPZiEP/YPNUyhDi+nzA9ZqtaKfanISeP56/7zOBnf9Ci7WYUWojjp456xXUNc20jJgvJXgaIewti45bRxA=="
    }
  }
}
